
Microsoft Visual Studio Solution File, Format Version 12.00
# Visual Studio Version 16
VisualStudioVersion = 16.0.31829.152
MinimumVisualStudioVersion = 10.0.40219.1
Project("{FAE04EC0-301F-11D3-BF4B-00C04F79EFBC}") = "Repaso_Mysql_Xamarin.Android", "Repaso_Mysql_Xamarin\Repaso_Mysql_Xamarin.Android\Repaso_Mysql_Xamarin.Android.csproj", "{AD22D9C4-74C6-4F8E-BA59-551A8A9F2A2E}"
EndProject
Project("{FAE04EC0-301F-11D3-BF4B-00C04F79EFBC}") = "Repaso_Mysql_Xamarin.iOS", "Repaso_Mysql_Xamarin\Repaso_Mysql_Xamarin.iOS\Repaso_Mysql_Xamarin.iOS.csproj", "{D834DEE0-04B6-46FB-889F-D4DBE145D1CB}"
EndProject
Project("{FAE04EC0-301F-11D3-BF4B-00C04F79EFBC}") = "Repaso_Mysql_Xamarin", "Repaso_Mysql_Xamarin\Repaso_Mysql_Xamarin\Repaso_Mysql_Xamarin.csproj", "{4AC1150F-B8CC-4964-B571-C68B991B238F}"
EndProject
Global
	GlobalSection(SolutionConfigurationPlatforms) = preSolution
		Debug|Any CPU = Debug|Any CPU
		Debug|iPhone = Debug|iPhone
		Debug|iPhoneSimulator = Debug|iPhoneSimulator
		Release|Any CPU = Release|Any CPU
		Release|iPhone = Release|iPhone
		Release|iPhoneSimulator = Release|iPhoneSimulator
	EndGlobalSection
	GlobalSection(ProjectConfigurationPlatforms) = postSolution
		{AD22D9C4-74C6-4F8E-BA59-551A8A9F2A2E}.Debug|Any CPU.ActiveCfg = Debug|Any CPU
		{AD22D9C4-74C6-4F8E-BA59-551A8A9F2A2E}.Debug|Any CPU.Build.0 = Debug|Any CPU
		{AD22D9C4-74C6-4F8E-BA59-551A8A9F2A2E}.Debug|Any CPU.Deploy.0 = Debug|Any CPU
		{AD22D9C4-74C6-4F8E-BA59-551A8A9F2A2E}.Debug|iPhone.ActiveCfg = Debug|Any CPU
		{AD22D9C4-74C6-4F8E-BA59-551A8A9F2A2E}.Debug|iPhone.Build.0 = Debug|Any CPU
		{AD22D9C4-74C6-4F8E-BA59-551A8A9F2A2E}.Debug|iPhone.Deploy.0 = Debug|Any CPU
		{AD22D9C4-74C6-4F8E-BA59-551A8A9F2A2E}.Debug|iPhoneSimulator.ActiveCfg = Debug|Any CPU
		{AD22D9C4-74C6-4F8E-BA59-551A8A9F2A2E}.Debug|iPhoneSimulator.Build.0 = Debug|Any CPU
		{AD22D9C4-74C6-4F8E-BA59-551A8A9F2A2E}.Debug|iPhoneSimulator.Deploy.0 = Debug|Any CPU
		{AD22D9C4-74C6-4F8E-BA59-551A8A9F2A2E}.Release|Any CPU.ActiveCfg = Release|Any CPU
		{AD22D9C4-74C6-4F8E-BA59-551A8A9F2A2E}.Release|Any CPU.Build.0 = Release|Any CPU
		{AD22D9C4-74C6-4F8E-BA59-551A8A9F2A2E}.Release|Any CPU.Deploy.0 = Release|Any CPU
		{AD22D9C4-74C6-4F8E-BA59-551A8A9F2A2E}.Release|iPhone.ActiveCfg = Release|Any CPU
		{AD22D9C4-74C6-4F8E-BA59-551A8A9F2A2E}.Release|iPhone.Build.0 = Release|Any CPU
		{AD22D9C4-74C6-4F8E-BA59-551A8A9F2A2E}.Release|iPhone.Deploy.0 = Release|Any CPU
		{AD22D9C4-74C6-4F8E-BA59-551A8A9F2A2E}.Release|iPhoneSimulator.ActiveCfg = Release|Any CPU
		{AD22D9C4-74C6-4F8E-BA59-551A8A9F2A2E}.Release|iPhoneSimulator.Build.0 = Release|Any CPU
		{AD22D9C4-74C6-4F8E-BA59-551A8A9F2A2E}.Release|iPhoneSimulator.Deploy.0 = Release|Any CPU
		{D834DEE0-04B6-46FB-889F-D4DBE145D1CB}.Debug|Any CPU.ActiveCfg = Debug|iPhone
		{D834DEE0-04B6-46FB-889F-D4DBE145D1CB}.Debug|Any CPU.Build.0 = Debug|iPhone
		{D834DEE0-04B6-46FB-889F-D4DBE145D1CB}.Debug|Any CPU.Deploy.0 = Debug|iPhone
		{D834DEE0-04B6-46FB-889F-D4DBE145D1CB}.Debug|iPhone.ActiveCfg = Debug|iPhone
		{D834DEE0-04B6-46FB-889F-D4DBE145D1CB}.Debug|iPhone.Build.0 = Debug|iPhone
		{D834DEE0-04B6-46FB-889F-D4DBE145D1CB}.Debug|iPhone.Deploy.0 = Debug|iPhone
		{D834DEE0-04B6-46FB-889F-D4DBE145D1CB}.Debug|iPhoneSimulator.ActiveCfg = Debug|iPhoneSimulator
		{D834DEE0-04B6-46FB-889F-D4DBE145D1CB}.Debug|iPhoneSimulator.Build.0 = Debug|iPhoneSimulator
		{D834DEE0-04B6-46FB-889F-D4DBE145D1CB}.Debug|iPhoneSimulator.Deploy.0 = Debug|iPhoneSimulator
		{D834DEE0-04B6-46FB-889F-D4DBE145D1CB}.Release|Any CPU.ActiveCfg = Release|iPhoneSimulator
		{D834DEE0-04B6-46FB-889F-D4DBE145D1CB}.Release|Any CPU.Build.0 = Release|iPhoneSimulator
		{D834DEE0-04B6-46FB-889F-D4DBE145D1CB}.Release|Any CPU.Deploy.0 = Release|iPhoneSimulator
		{D834DEE0-04B6-46FB-889F-D4DBE145D1CB}.Release|iPhone.ActiveCfg = Release|iPhone
		{D834DEE0-04B6-46FB-889F-D4DBE145D1CB}.Release|iPhone.Build.0 = Release|iPhone
		{D834DEE0-04B6-46FB-889F-D4DBE145D1CB}.Release|iPhone.Deploy.0 = Release|iPhone
		{D834DEE0-04B6-46FB-889F-D4DBE145D1CB}.Release|iPhoneSimulator.ActiveCfg = Release|iPhoneSimulator
		{D834DEE0-04B6-46FB-889F-D4DBE145D1CB}.Release|iPhoneSimulator.Build.0 = Release|iPhoneSimulator
		{D834DEE0-04B6-46FB-889F-D4DBE145D1CB}.Release|iPhoneSimulator.Deploy.0 = Release|iPhoneSimulator
		{4AC1150F-B8CC-4964-B571-C68B991B238F}.Debug|Any CPU.ActiveCfg = Debug|Any CPU
		{4AC1150F-B8CC-4964-B571-C68B991B238F}.Debug|Any CPU.Build.0 = Debug|Any CPU
		{4AC1150F-B8CC-4964-B571-C68B991B238F}.Debug|Any CPU.Deploy.0 = Debug|Any CPU
		{4AC1150F-B8CC-4964-B571-C68B991B238F}.Debug|iPhone.ActiveCfg = Debug|Any CPU
		{4AC1150F-B8CC-4964-B571-C68B991B238F}.Debug|iPhone.Build.0 = Debug|Any CPU
		{4AC1150F-B8CC-4964-B571-C68B991B238F}.Debug|iPhone.Deploy.0 = Debug|Any CPU
		{4AC1150F-B8CC-4964-B571-C68B991B238F}.Debug|iPhoneSimulator.ActiveCfg = Debug|Any CPU
		{4AC1150F-B8CC-4964-B571-C68B991B238F}.Debug|iPhoneSimulator.Build.0 = Debug|Any CPU
		{4AC1150F-B8CC-4964-B571-C68B991B238F}.Debug|iPhoneSimulator.Deploy.0 = Debug|Any CPU
		{4AC1150F-B8CC-4964-B571-C68B991B238F}.Release|Any CPU.ActiveCfg = Release|Any CPU
		{4AC1150F-B8CC-4964-B571-C68B991B238F}.Release|Any CPU.Build.0 = Release|Any CPU
		{4AC1150F-B8CC-4964-B571-C68B991B238F}.Release|Any CPU.Deploy.0 = Release|Any CPU
		{4AC1150F-B8CC-4964-B571-C68B991B238F}.Release|iPhone.ActiveCfg = Release|Any CPU
		{4AC1150F-B8CC-4964-B571-C68B991B238F}.Release|iPhone.Build.0 = Release|Any CPU
		{4AC1150F-B8CC-4964-B571-C68B991B238F}.Release|iPhone.Deploy.0 = Release|Any CPU
		{4AC1150F-B8CC-4964-B571-C68B991B238F}.Release|iPhoneSimulator.ActiveCfg = Release|Any CPU
		{4AC1150F-B8CC-4964-B571-C68B991B238F}.Release|iPhoneSimulator.Build.0 = Release|Any CPU
		{4AC1150F-B8CC-4964-B571-C68B991B238F}.Release|iPhoneSimulator.Deploy.0 = Release|Any CPU
	EndGlobalSection
	GlobalSection(SolutionProperties) = preSolution
		HideSolutionNode = FALSE
	EndGlobalSection
	GlobalSection(ExtensibilityGlobals) = postSolution
		SolutionGuid = {1485F396-777D-479F-971E-BF167301C688}
	EndGlobalSection
EndGlobal
